
Microsoft Visual Studio Solution File, Format Version 12.00
# Visual Studio Version 17
VisualStudioVersion = 17.5.002.0
MinimumVisualStudioVersion = 10.0.40219.1
Project("{9A19103F-16F7-4668-BE54-9A1E7A4F7556}") = "MicroOndasApp", "MicroOndasApp.csproj", "{1A629F40-E8EA-42B3-8CDD-8E0E325F3DD9}"
EndProject
Global
	GlobalSection(SolutionConfigurationPlatforms) = preSolution
		Debug|Any CPU = Debug|Any CPU
		Release|Any CPU = Release|Any CPU
	EndGlobalSection
	GlobalSection(ProjectConfigurationPlatforms) = postSolution
		{1A629F40-E8EA-42B3-8CDD-8E0E325F3DD9}.Debug|Any CPU.ActiveCfg = Debug|Any CPU
		{1A629F40-E8EA-42B3-8CDD-8E0E325F3DD9}.Debug|Any CPU.Build.0 = Debug|Any CPU
		{1A629F40-E8EA-42B3-8CDD-8E0E325F3DD9}.Release|Any CPU.ActiveCfg = Release|Any CPU
		{1A629F40-E8EA-42B3-8CDD-8E0E325F3DD9}.Release|Any CPU.Build.0 = Release|Any CPU
	EndGlobalSection
	GlobalSection(SolutionProperties) = preSolution
		HideSolutionNode = FALSE
	EndGlobalSection
	GlobalSection(ExtensibilityGlobals) = postSolution
		SolutionGuid = {991555C8-A983-487E-853A-0A3FBA299BF9}
	EndGlobalSection
EndGlobal
